<Solution>
  <Project Path="VirtualGameCard.PaymentService.Contracts/VirtualGameCard.PaymentService.Contracts.csproj" />
  <Project Path="VirtualGameCard.PaymentService.Lambda/VirtualGameCard.PaymentService.Lambda.csproj" />
  <Project Path="VirtualGameCard.PaymentService.Worker/VirtualGameCard.PaymentService.Worker.csproj" />
</Solution>
